
Microsoft Visual Studio Solution File, Format Version 12.00
# Visual Studio Version 17
VisualStudioVersion = 17.13.35931.197 d17.13
MinimumVisualStudioVersion = 10.0.40219.1
Project("{FAE04EC0-301F-11D3-BF4B-00C04F79EFBC}") = "Sklep", "Sklep\Sklep.csproj", "{A127A6BC-9162-49F4-952B-043CA8BA73C8}"
EndProject
Project("{FAE04EC0-301F-11D3-BF4B-00C04F79EFBC}") = "Magazyn", "Magazyn\Magazyn.csproj", "{1198CCA7-E843-4C3C-934B-0CD5F49B9F13}"
EndProject
Project("{FAE04EC0-301F-11D3-BF4B-00C04F79EFBC}") = "Klient 1", "Klient 1\Klient 1.csproj", "{8037F398-10AC-4E5B-8166-0FFC5B1039DD}"
EndProject
Project("{FAE04EC0-301F-11D3-BF4B-00C04F79EFBC}") = "Klient 2", "Klient 2\Klient 2.csproj", "{2A2B5180-FA09-454F-BF05-54F684106B6C}"
EndProject
Project("{FAE04EC0-301F-11D3-BF4B-00C04F79EFBC}") = "Wiadomosci", "Wiadomosci\Wiadomosci.csproj", "{72337EE9-44B8-46D1-AB26-8E00E46A6FCC}"
EndProject
Global
	GlobalSection(SolutionConfigurationPlatforms) = preSolution
		Debug|Any CPU = Debug|Any CPU
		Release|Any CPU = Release|Any CPU
	EndGlobalSection
	GlobalSection(ProjectConfigurationPlatforms) = postSolution
		{A127A6BC-9162-49F4-952B-043CA8BA73C8}.Debug|Any CPU.ActiveCfg = Debug|Any CPU
		{A127A6BC-9162-49F4-952B-043CA8BA73C8}.Debug|Any CPU.Build.0 = Debug|Any CPU
		{A127A6BC-9162-49F4-952B-043CA8BA73C8}.Release|Any CPU.ActiveCfg = Release|Any CPU
		{A127A6BC-9162-49F4-952B-043CA8BA73C8}.Release|Any CPU.Build.0 = Release|Any CPU
		{1198CCA7-E843-4C3C-934B-0CD5F49B9F13}.Debug|Any CPU.ActiveCfg = Debug|Any CPU
		{1198CCA7-E843-4C3C-934B-0CD5F49B9F13}.Debug|Any CPU.Build.0 = Debug|Any CPU
		{1198CCA7-E843-4C3C-934B-0CD5F49B9F13}.Release|Any CPU.ActiveCfg = Release|Any CPU
		{1198CCA7-E843-4C3C-934B-0CD5F49B9F13}.Release|Any CPU.Build.0 = Release|Any CPU
		{8037F398-10AC-4E5B-8166-0FFC5B1039DD}.Debug|Any CPU.ActiveCfg = Debug|Any CPU
		{8037F398-10AC-4E5B-8166-0FFC5B1039DD}.Debug|Any CPU.Build.0 = Debug|Any CPU
		{8037F398-10AC-4E5B-8166-0FFC5B1039DD}.Release|Any CPU.ActiveCfg = Release|Any CPU
		{8037F398-10AC-4E5B-8166-0FFC5B1039DD}.Release|Any CPU.Build.0 = Release|Any CPU
		{2A2B5180-FA09-454F-BF05-54F684106B6C}.Debug|Any CPU.ActiveCfg = Debug|Any CPU
		{2A2B5180-FA09-454F-BF05-54F684106B6C}.Debug|Any CPU.Build.0 = Debug|Any CPU
		{2A2B5180-FA09-454F-BF05-54F684106B6C}.Release|Any CPU.ActiveCfg = Release|Any CPU
		{2A2B5180-FA09-454F-BF05-54F684106B6C}.Release|Any CPU.Build.0 = Release|Any CPU
		{72337EE9-44B8-46D1-AB26-8E00E46A6FCC}.Debug|Any CPU.ActiveCfg = Debug|Any CPU
		{72337EE9-44B8-46D1-AB26-8E00E46A6FCC}.Debug|Any CPU.Build.0 = Debug|Any CPU
		{72337EE9-44B8-46D1-AB26-8E00E46A6FCC}.Release|Any CPU.ActiveCfg = Release|Any CPU
		{72337EE9-44B8-46D1-AB26-8E00E46A6FCC}.Release|Any CPU.Build.0 = Release|Any CPU
	EndGlobalSection
	GlobalSection(SolutionProperties) = preSolution
		HideSolutionNode = FALSE
	EndGlobalSection
	GlobalSection(ExtensibilityGlobals) = postSolution
		SolutionGuid = {80A38F38-2B4D-4131-BAB3-0F4F1E782921}
	EndGlobalSection
EndGlobal
