
Microsoft Visual Studio Solution File, Format Version 12.00
# Visual Studio Version 17
VisualStudioVersion = 17.11.35327.3
MinimumVisualStudioVersion = 10.0.40219.1
Project("{FAE04EC0-301F-11D3-BF4B-00C04F79EFBC}") = "Lab5_Zad2", "Lab5_Zad2\Lab5_Zad2.csproj", "{8B787025-487B-41E0-98FB-F390D6640F91}"
EndProject
Global
	GlobalSection(SolutionConfigurationPlatforms) = preSolution
		Debug|Any CPU = Debug|Any CPU
		Release|Any CPU = Release|Any CPU
	EndGlobalSection
	GlobalSection(ProjectConfigurationPlatforms) = postSolution
		{8B787025-487B-41E0-98FB-F390D6640F91}.Debug|Any CPU.ActiveCfg = Debug|Any CPU
		{8B787025-487B-41E0-98FB-F390D6640F91}.Debug|Any CPU.Build.0 = Debug|Any CPU
		{8B787025-487B-41E0-98FB-F390D6640F91}.Release|Any CPU.ActiveCfg = Release|Any CPU
		{8B787025-487B-41E0-98FB-F390D6640F91}.Release|Any CPU.Build.0 = Release|Any CPU
	EndGlobalSection
	GlobalSection(SolutionProperties) = preSolution
		HideSolutionNode = FALSE
	EndGlobalSection
	GlobalSection(ExtensibilityGlobals) = postSolution
		SolutionGuid = {233CD0A2-AE55-4BE6-8855-4D30E63A0A74}
	EndGlobalSection
EndGlobal
